{
  "originHash" : "ab1f77ce4c67f7b038fd33f14172eda64468445446417222244eca367cab8c5d",
  "pins" : [
    {
      "identity" : "bhaptics-ios",
      "kind" : "remoteSourceControl",
      "location" : "https://github.com/bhaptics/bhaptics-ios",
      "state" : {
        "revision" : "d52c6c57d646d00aad4d546f8e0389b0f42791fa",
        "version" : "0.2.0"
      }
    }
  ],
  "version" : 3
}
