// !$*UTF8*$!
{
	archiveVersion = 1;
	classes = {
	};
	objectVersion = 77;
	objects = {

/* Begin PBXBuildFile section */
		A9FCFC382E58674F00BF28B1 /* Bhaptics in Frameworks */ = {isa = PBXBuildFile; productRef = A9FCFC372E58674F00BF28B1 /* Bhaptics */; };
/* End PBXBuildFile section */

/* Begin PBXContainerItemProxy section */
		A9FCFC1A2E5866B100BF28B1 /* PBXContainerItemProxy */ = {
			isa = PBXContainerItemProxy;
			containerPortal = A9FCFC032E5866AF00BF28B1 /* Project object */;
			proxyType = 1;
			remoteGlobalIDString = A9FCFC0A2E5866AF00BF28B1;
			remoteInfo = vCRGlove;
		};
		A9FCFC242E5866B100BF28B1 /* PBXContainerItemProxy */ = {
			isa = PBXContainerItemProxy;
			containerPortal = A9FCFC032E5866AF00BF28B1 /* Project object */;
			proxyType = 1;
			remoteGlobalIDString = A9FCFC0A2E5866AF00BF28B1;
			remoteInfo = vCRGlove;
		};
/* End PBXContainerItemProxy section */

/* Begin PBXFileReference section */
		A9FCFC0B2E5866AF00BF28B1 /* vCRGlove.app */ = {isa = PBXFileReference; explicitFileType = wrapper.application; includeInIndex = 0; path = vCRGlove.app; sourceTree = BUILT_PRODUCTS_DIR; };
		A9FCFC192E5866B100BF28B1 /* vCRGloveTests.xctest */ = {isa = PBXFileReference; explicitFileType = wrapper.cfbundle; includeInIndex = 0; path = vCRGloveTests.xctest; sourceTree = BUILT_PRODUCTS_DIR; };
		A9FCFC232E5866B100BF28B1 /* vCRGloveUITests.xctest */ = {isa = PBXFileReference; explicitFileType = wrapper.cfbundle; includeInIndex = 0; path = vCRGloveUITests.xctest; sourceTree = BUILT_PRODUCTS_DIR; };
/* End PBXFileReference section */

/* Begin PBXFileSystemSynchronizedBuildFileExceptionSet section */
		A9FCFC3A2E586BC600BF28B1 /* Exceptions for "vCRGlove" folder in "vCRGlove" target */ = {
			isa = PBXFileSystemSynchronizedBuildFileExceptionSet;
			membershipExceptions = (
				Info.plist,
			);
			target = A9FCFC0A2E5866AF00BF28B1 /* vCRGlove */;
		};
/* End PBXFileSystemSynchronizedBuildFileExceptionSet section */

/* Begin PBXFileSystemSynchronizedRootGroup section */
		A9FCFC0D2E5866AF00BF28B1 /* vCRGlove */ = {
			isa = PBXFileSystemSynchronizedRootGroup;
			exceptions = (
				A9FCFC3A2E586BC600BF28B1 /* Exceptions for "vCRGlove" folder in "vCRGlove" target */,
			);
			path = vCRGlove;
			sourceTree = "<group>";
		};
		A9FCFC1C2E5866B100BF28B1 /* vCRGloveTests */ = {
			isa = PBXFileSystemSynchronizedRootGroup;
			path = vCRGloveTests;
			sourceTree = "<group>";
		};
		A9FCFC262E5866B100BF28B1 /* vCRGloveUITests */ = {
			isa = PBXFileSystemSynchronizedRootGroup;
			path = vCRGloveUITests;
			sourceTree = "<group>";
		};
/* End PBXFileSystemSynchronizedRootGroup section */

/* Begin PBXFrameworksBuildPhase section */
		A9FCFC082E5866AF00BF28B1 /* Frameworks */ = {
			isa = PBXFrameworksBuildPhase;
			buildActionMask = 2147483647;
			files = (
				A9FCFC382E58674F00BF28B1 /* Bhaptics in Frameworks */,
			);
			runOnlyForDeploymentPostprocessing = 0;
		};
		A9FCFC162E5866B100BF28B1 /* Frameworks */ = {
			isa = PBXFrameworksBuildPhase;
			buildActionMask = 2147483647;
			files = (
			);
			runOnlyForDeploymentPostprocessing = 0;
		};
		A9FCFC202E5866B100BF28B1 /* Frameworks */ = {
			isa = PBXFrameworksBuildPhase;
			buildActionMask = 2147483647;
			files = (
			);
			runOnlyForDeploymentPostprocessing = 0;
		};
/* End PBXFrameworksBuildPhase section */

/* Begin PBXGroup section */
		A9FCFC022E5866AF00BF28B1 = {
			isa = PBXGroup;
			children = (
				A9FCFC0D2E5866AF00BF28B1 /* vCRGlove */,
				A9FCFC1C2E5866B100BF28B1 /* vCRGloveTests */,
				A9FCFC262E5866B100BF28B1 /* vCRGloveUITests */,
				A9FCFC0C2E5866AF00BF28B1 /* Products */,
			);
			sourceTree = "<group>";
		};
		A9FCFC0C2E5866AF00BF28B1 /* Products */ = {
			isa = PBXGroup;
			children = (
				A9FCFC0B2E5866AF00BF28B1 /* vCRGlove.app */,
				A9FCFC192E5866B100BF28B1 /* vCRGloveTests.xctest */,
				A9FCFC232E5866B100BF28B1 /* vCRGloveUITests.xctest */,
			);
			name = Products;
			sourceTree = "<group>";
		};
/* End PBXGroup section */

/* Begin PBXNativeTarget section */
		A9FCFC0A2E5866AF00BF28B1 /* vCRGlove */ = {
			isa = PBXNativeTarget;
			buildConfigurationList = A9FCFC2D2E5866B100BF28B1 /* Build configuration list for PBXNativeTarget "vCRGlove" */;
			buildPhases = (
				A9FCFC072E5866AF00BF28B1 /* Sources */,
				A9FCFC082E5866AF00BF28B1 /* Frameworks */,
				A9FCFC092E5866AF00BF28B1 /* Resources */,
			);
			buildRules = (
			);
			dependencies = (
			);
			fileSystemSynchronizedGroups = (
				A9FCFC0D2E5866AF00BF28B1 /* vCRGlove */,
			);
			name = vCRGlove;
			packageProductDependencies = (
				A9FCFC372E58674F00BF28B1 /* Bhaptics */,
			);
			productName = vCRGlove;
			productReference = A9FCFC0B2E5866AF00BF28B1 /* vCRGlove.app */;
			productType = "com.apple.product-type.application";
		};
		A9FCFC182E5866B100BF28B1 /* vCRGloveTests */ = {
			isa = PBXNativeTarget;
			buildConfigurationList = A9FCFC302E5866B100BF28B1 /* Build configuration list for PBXNativeTarget "vCRGloveTests" */;
			buildPhases = (
				A9FCFC152E5866B100BF28B1 /* Sources */,
				A9FCFC162E5866B100BF28B1 /* Frameworks */,
				A9FCFC172E5866B100BF28B1 /* Resources */,
			);
			buildRules = (
			);
			dependencies = (
				A9FCFC1B2E5866B100BF28B1 /* PBXTargetDependency */,
			);
			fileSystemSynchronizedGroups = (
				A9FCFC1C2E5866B100BF28B1 /* vCRGloveTests */,
			);
			name = vCRGloveTests;
			packageProductDependencies = (
			);
			productName = vCRGloveTests;
			productReference = A9FCFC192E5866B100BF28B1 /* vCRGloveTests.xctest */;
			productType = "com.apple.product-type.bundle.unit-test";
		};
		A9FCFC222E5866B100BF28B1 /* vCRGloveUITests */ = {
			isa = PBXNativeTarget;
			buildConfigurationList = A9FCFC332E5866B100BF28B1 /* Build configuration list for PBXNativeTarget "vCRGloveUITests" */;
			buildPhases = (
				A9FCFC1F2E5866B100BF28B1 /* Sources */,
				A9FCFC202E5866B100BF28B1 /* Frameworks */,
				A9FCFC212E5866B100BF28B1 /* Resources */,
			);
			buildRules = (
			);
			dependencies = (
				A9FCFC252E5866B100BF28B1 /* PBXTargetDependency */,
			);
			fileSystemSynchronizedGroups = (
				A9FCFC262E5866B100BF28B1 /* vCRGloveUITests */,
			);
			name = vCRGloveUITests;
			packageProductDependencies = (
			);
			productName = vCRGloveUITests;
			productReference = A9FCFC232E5866B100BF28B1 /* vCRGloveUITests.xctest */;
			productType = "com.apple.product-type.bundle.ui-testing";
		};
/* End PBXNativeTarget section */

/* Begin PBXProject section */
		A9FCFC032E5866AF00BF28B1 /* Project object */ = {
			isa = PBXProject;
			attributes = {
				BuildIndependentTargetsInParallel = 1;
				LastSwiftUpdateCheck = 1640;
				LastUpgradeCheck = 1640;
				TargetAttributes = {
					A9FCFC0A2E5866AF00BF28B1 = {
						CreatedOnToolsVersion = 16.4;
					};
					A9FCFC182E5866B100BF28B1 = {
						CreatedOnToolsVersion = 16.4;
						TestTargetID = A9FCFC0A2E5866AF00BF28B1;
					};
					A9FCFC222E5866B100BF28B1 = {
						CreatedOnToolsVersion = 16.4;
						TestTargetID = A9FCFC0A2E5866AF00BF28B1;
					};
				};
			};
			buildConfigurationList = A9FCFC062E5866AF00BF28B1 /* Build configuration list for PBXProject "vCRGlove" */;
			developmentRegion = en;
			hasScannedForEncodings = 0;
			knownRegions = (
				en,
				Base,
			);
			mainGroup = A9FCFC022E5866AF00BF28B1;
			minimizedProjectReferenceProxies = 1;
			packageReferences = (
				A9FCFC362E58670900BF28B1 /* XCRemoteSwiftPackageReference "bhaptics-ios" */,
			);
			preferredProjectObjectVersion = 77;
			productRefGroup = A9FCFC0C2E5866AF00BF28B1 /* Products */;
			projectDirPath = "";
			projectRoot = "";
			targets = (
				A9FCFC0A2E5866AF00BF28B1 /* vCRGlove */,
				A9FCFC182E5866B100BF28B1 /* vCRGloveTests */,
				A9FCFC222E5866B100BF28B1 /* vCRGloveUITests */,
			);
		};
/* End PBXProject section */

/* Begin PBXResourcesBuildPhase section */
		A9FCFC092E5866AF00BF28B1 /* Resources */ = {
			isa = PBXResourcesBuildPhase;
			buildActionMask = 2147483647;
			files = (
			);
			runOnlyForDeploymentPostprocessing = 0;
		};
		A9FCFC172E5866B100BF28B1 /* Resources */ = {
			isa = PBXResourcesBuildPhase;
			buildActionMask = 2147483647;
			files = (
			);
			runOnlyForDeploymentPostprocessing = 0;
		};
		A9FCFC212E5866B100BF28B1 /* Resources */ = {
			isa = PBXResourcesBuildPhase;
			buildActionMask = 2147483647;
			files = (
			);
			runOnlyForDeploymentPostprocessing = 0;
		};
/* End PBXResourcesBuildPhase section */

/* Begin PBXSourcesBuildPhase section */
		A9FCFC072E5866AF00BF28B1 /* Sources */ = {
			isa = PBXSourcesBuildPhase;
			buildActionMask = 2147483647;
			files = (
			);
			runOnlyForDeploymentPostprocessing = 0;
		};
		A9FCFC152E5866B100BF28B1 /* Sources */ = {
			isa = PBXSourcesBuildPhase;
			buildActionMask = 2147483647;
			files = (
			);
			runOnlyForDeploymentPostprocessing = 0;
		};
		A9FCFC1F2E5866B100BF28B1 /* Sources */ = {
			isa = PBXSourcesBuildPhase;
			buildActionMask = 2147483647;
			files = (
			);
			runOnlyForDeploymentPostprocessing = 0;
		};
/* End PBXSourcesBuildPhase section */

/* Begin PBXTargetDependency section */
		A9FCFC1B2E5866B100BF28B1 /* PBXTargetDependency */ = {
			isa = PBXTargetDependency;
			target = A9FCFC0A2E5866AF00BF28B1 /* vCRGlove */;
			targetProxy = A9FCFC1A2E5866B100BF28B1 /* PBXContainerItemProxy */;
		};
		A9FCFC252E5866B100BF28B1 /* PBXTargetDependency */ = {
			isa = PBXTargetDependency;
			target = A9FCFC0A2E5866AF00BF28B1 /* vCRGlove */;
			targetProxy = A9FCFC242E5866B100BF28B1 /* PBXContainerItemProxy */;
		};
/* End PBXTargetDependency section */

/* Begin XCBuildConfiguration section */
		A9FCFC2B2E5866B100BF28B1 /* Debug */ = {
			isa = XCBuildConfiguration;
			buildSettings = {
				ALWAYS_SEARCH_USER_PATHS = NO;
				ASSETCATALOG_COMPILER_GENERATE_SWIFT_ASSET_SYMBOL_EXTENSIONS = YES;
				CLANG_ANALYZER_NONNULL = YES;
				CLANG_ANALYZER_NUMBER_OBJECT_CONVERSION = YES_AGGRESSIVE;
				CLANG_CXX_LANGUAGE_STANDARD = "gnu++20";
				CLANG_ENABLE_MODULES = YES;
				CLANG_ENABLE_OBJC_ARC = YES;
				CLANG_ENABLE_OBJC_WEAK = YES;
				CLANG_WARN_BLOCK_CAPTURE_AUTORELEASING = YES;
				CLANG_WARN_BOOL_CONVERSION = YES;
				CLANG_WARN_COMMA = YES;
				CLANG_WARN_CONSTANT_CONVERSION = YES;
				CLANG_WARN_DEPRECATED_OBJC_IMPLEMENTATIONS = YES;
				CLANG_WARN_DIRECT_OBJC_ISA_USAGE = YES_ERROR;
				CLANG_WARN_DOCUMENTATION_COMMENTS = YES;
				CLANG_WARN_EMPTY_BODY = YES;
				CLANG_WARN_ENUM_CONVERSION = YES;
				CLANG_WARN_INFINITE_RECURSION = YES;
				CLANG_WARN_INT_CONVERSION = YES;
				CLANG_WARN_NON_LITERAL_NULL_CONVERSION = YES;
				CLANG_WARN_OBJC_IMPLICIT_RETAIN_SELF = YES;
				CLANG_WARN_OBJC_LITERAL_CONVERSION = YES;
				CLANG_WARN_OBJC_ROOT_CLASS = YES_ERROR;
				CLANG_WARN_QUOTED_INCLUDE_IN_FRAMEWORK_HEADER = YES;
				CLANG_WARN_RANGE_LOOP_ANALYSIS = YES;
				CLANG_WARN_STRICT_PROTOTYPES = YES;
				CLANG_WARN_SUSPICIOUS_MOVE = YES;
				CLANG_WARN_UNGUARDED_AVAILABILITY = YES_AGGRESSIVE;
				CLANG_WARN_UNREACHABLE_CODE = YES;
				CLANG_WARN__DUPLICATE_METHOD_MATCH = YES;
				COPY_PHASE_STRIP = NO;
				DEBUG_INFORMATION_FORMAT = dwarf;
				ENABLE_STRICT_OBJC_MSGSEND = YES;
				ENABLE_TESTABILITY = YES;
				ENABLE_USER_SCRIPT_SANDBOXING = YES;
				GCC_C_LANGUAGE_STANDARD = gnu17;
				GCC_DYNAMIC_NO_PIC = NO;
				GCC_NO_COMMON_BLOCKS = YES;
				GCC_OPTIMIZATION_LEVEL = 0;
				GCC_PREPROCESSOR_DEFINITIONS = (
					"DEBUG=1",
					"$(inherited)",
				);
				GCC_WARN_64_TO_32_BIT_CONVERSION = YES;
				GCC_WARN_ABOUT_RETURN_TYPE = YES_ERROR;
				GCC_WARN_UNDECLARED_SELECTOR = YES;
				GCC_WARN_UNINITIALIZED_AUTOS = YES_AGGRESSIVE;
				GCC_WARN_UNUSED_FUNCTION = YES;
				GCC_WARN_UNUSED_VARIABLE = YES;
				LOCALIZATION_PREFERS_STRING_CATALOGS = YES;
				MTL_ENABLE_DEBUG_INFO = INCLUDE_SOURCE;
				MTL_FAST_MATH = YES;
				ONLY_ACTIVE_ARCH = YES;
				SWIFT_ACTIVE_COMPILATION_CONDITIONS = "DEBUG $(inherited)";
				SWIFT_OPTIMIZATION_LEVEL = "-Onone";
			};
			name = Debug;
		};
		A9FCFC2C2E5866B100BF28B1 /* Release */ = {
			isa = XCBuildConfiguration;
			buildSettings = {
				ALWAYS_SEARCH_USER_PATHS = NO;
				ASSETCATALOG_COMPILER_GENERATE_SWIFT_ASSET_SYMBOL_EXTENSIONS = YES;
				CLANG_ANALYZER_NONNULL = YES;
				CLANG_ANALYZER_NUMBER_OBJECT_CONVERSION = YES_AGGRESSIVE;
				CLANG_CXX_LANGUAGE_STANDARD = "gnu++20";
				CLANG_ENABLE_MODULES = YES;
				CLANG_ENABLE_OBJC_ARC = YES;
				CLANG_ENABLE_OBJC_WEAK = YES;
				CLANG_WARN_BLOCK_CAPTURE_AUTORELEASING = YES;
				CLANG_WARN_BOOL_CONVERSION = YES;
				CLANG_WARN_COMMA = YES;
				CLANG_WARN_CONSTANT_CONVERSION = YES;
				CLANG_WARN_DEPRECATED_OBJC_IMPLEMENTATIONS = YES;
				CLANG_WARN_DIRECT_OBJC_ISA_USAGE = YES_ERROR;
				CLANG_WARN_DOCUMENTATION_COMMENTS = YES;
				CLANG_WARN_EMPTY_BODY = YES;
				CLANG_WARN_ENUM_CONVERSION = YES;
				CLANG_WARN_INFINITE_RECURSION = YES;
				CLANG_WARN_INT_CONVERSION = YES;
				CLANG_WARN_NON_LITERAL_NULL_CONVERSION = YES;
				CLANG_WARN_OBJC_IMPLICIT_RETAIN_SELF = YES;
				CLANG_WARN_OBJC_LITERAL_CONVERSION = YES;
				CLANG_WARN_OBJC_ROOT_CLASS = YES_ERROR;
				CLANG_WARN_QUOTED_INCLUDE_IN_FRAMEWORK_HEADER = YES;
				CLANG_WARN_RANGE_LOOP_ANALYSIS = YES;
				CLANG_WARN_STRICT_PROTOTYPES = YES;
				CLANG_WARN_SUSPICIOUS_MOVE = YES;
				CLANG_WARN_UNGUARDED_AVAILABILITY = YES_AGGRESSIVE;
				CLANG_WARN_UNREACHABLE_CODE = YES;
				CLANG_WARN__DUPLICATE_METHOD_MATCH = YES;
				COPY_PHASE_STRIP = NO;
				DEBUG_INFORMATION_FORMAT = "dwarf-with-dsym";
				ENABLE_NS_ASSERTIONS = NO;
				ENABLE_STRICT_OBJC_MSGSEND = YES;
				ENABLE_USER_SCRIPT_SANDBOXING = YES;
				GCC_C_LANGUAGE_STANDARD = gnu17;
				GCC_NO_COMMON_BLOCKS = YES;
				GCC_WARN_64_TO_32_BIT_CONVERSION = YES;
				GCC_WARN_ABOUT_RETURN_TYPE = YES_ERROR;
				GCC_WARN_UNDECLARED_SELECTOR = YES;
				GCC_WARN_UNINITIALIZED_AUTOS = YES_AGGRESSIVE;
				GCC_WARN_UNUSED_FUNCTION = YES;
				GCC_WARN_UNUSED_VARIABLE = YES;
				LOCALIZATION_PREFERS_STRING_CATALOGS = YES;
				MTL_ENABLE_DEBUG_INFO = NO;
				MTL_FAST_MATH = YES;
				SWIFT_COMPILATION_MODE = wholemodule;
			};
			name = Release;
		};
		A9FCFC2E2E5866B100BF28B1 /* Debug */ = {
			isa = XCBuildConfiguration;
			buildSettings = {
				ASSETCATALOG_COMPILER_APPICON_NAME = AppIcon;
				ASSETCATALOG_COMPILER_GLOBAL_ACCENT_COLOR_NAME = AccentColor;
				CODE_SIGN_ENTITLEMENTS = vCRGlove/vCRGlove.entitlements;
				CODE_SIGN_STYLE = Automatic;
				CURRENT_PROJECT_VERSION = 1;
				DEVELOPMENT_TEAM = 2YHR8Y94ZW;
				ENABLE_PREVIEWS = YES;
				GENERATE_INFOPLIST_FILE = YES;
				INFOPLIST_FILE = vCRGlove/Info.plist;
				INFOPLIST_KEY_NSBluetoothAlwaysUsageDescription = "";
				INFOPLIST_KEY_NSBluetoothPeripheralUsageDescription = "";
				"INFOPLIST_KEY_UIApplicationSceneManifest_Generation[sdk=iphoneos*]" = YES;
				"INFOPLIST_KEY_UIApplicationSceneManifest_Generation[sdk=iphonesimulator*]" = YES;
				"INFOPLIST_KEY_UIApplicationSupportsIndirectInputEvents[sdk=iphoneos*]" = YES;
				"INFOPLIST_KEY_UIApplicationSupportsIndirectInputEvents[sdk=iphonesimulator*]" = YES;
				"INFOPLIST_KEY_UILaunchScreen_Generation[sdk=iphoneos*]" = YES;
				"INFOPLIST_KEY_UILaunchScreen_Generation[sdk=iphonesimulator*]" = YES;
				"INFOPLIST_KEY_UIStatusBarStyle[sdk=iphoneos*]" = UIStatusBarStyleDefault;
				"INFOPLIST_KEY_UIStatusBarStyle[sdk=iphonesimulator*]" = UIStatusBarStyleDefault;
				INFOPLIST_KEY_UISupportedInterfaceOrientations_iPad = "UIInterfaceOrientationPortrait UIInterfaceOrientationPortraitUpsideDown UIInterfaceOrientationLandscapeLeft UIInterfaceOrientationLandscapeRight";
				INFOPLIST_KEY_UISupportedInterfaceOrientations_iPhone = "\"\"";
				IPHONEOS_DEPLOYMENT_TARGET = 17.6;
				LD_RUNPATH_SEARCH_PATHS = "@executable_path/Frameworks";
				"LD_RUNPATH_SEARCH_PATHS[sdk=macosx*]" = "@executable_path/../Frameworks";
				MACOSX_DEPLOYMENT_TARGET = 15.5;
				MARKETING_VERSION = 1.0;
				PRODUCT_BUNDLE_IDENTIFIER = com.fatemeh.vcr.vCRGlove;
				PRODUCT_NAME = "$(TARGET_NAME)";
				REGISTER_APP_GROUPS = YES;
				SDKROOT = auto;
				SUPPORTED_PLATFORMS = "iphoneos iphonesimulator macosx xros xrsimulator";
				SWIFT_EMIT_LOC_STRINGS = YES;
				SWIFT_VERSION = 5.0;
				TARGETED_DEVICE_FAMILY = "1,2,7";
				XROS_DEPLOYMENT_TARGET = 2.5;
			};
			name = Debug;
		};
		A9FCFC2F2E5866B100BF28B1 /* Release */ = {
			isa = XCBuildConfiguration;
			buildSettings = {
				ASSETCATALOG_COMPILER_APPICON_NAME = AppIcon;
				ASSETCATALOG_COMPILER_GLOBAL_ACCENT_COLOR_NAME = AccentColor;
				CODE_SIGN_ENTITLEMENTS = vCRGlove/vCRGlove.entitlements;
				CODE_SIGN_STYLE = Automatic;
				CURRENT_PROJECT_VERSION = 1;
				DEVELOPMENT_TEAM = 2YHR8Y94ZW;
				ENABLE_PREVIEWS = YES;
				GENERATE_INFOPLIST_FILE = YES;
				INFOPLIST_FILE = vCRGlove/Info.plist;
				INFOPLIST_KEY_NSBluetoothAlwaysUsageDescription = "";
				INFOPLIST_KEY_NSBluetoothPeripheralUsageDescription = "";
				"INFOPLIST_KEY_UIApplicationSceneManifest_Generation[sdk=iphoneos*]" = YES;
				"INFOPLIST_KEY_UIApplicationSceneManifest_Generation[sdk=iphonesimulator*]" = YES;
				"INFOPLIST_KEY_UIApplicationSupportsIndirectInputEvents[sdk=iphoneos*]" = YES;
				"INFOPLIST_KEY_UIApplicationSupportsIndirectInputEvents[sdk=iphonesimulator*]" = YES;
				"INFOPLIST_KEY_UILaunchScreen_Generation[sdk=iphoneos*]" = YES;
				"INFOPLIST_KEY_UILaunchScreen_Generation[sdk=iphonesimulator*]" = YES;
				"INFOPLIST_KEY_UIStatusBarStyle[sdk=iphoneos*]" = UIStatusBarStyleDefault;
				"INFOPLIST_KEY_UIStatusBarStyle[sdk=iphonesimulator*]" = UIStatusBarStyleDefault;
				INFOPLIST_KEY_UISupportedInterfaceOrientations_iPad = "UIInterfaceOrientationPortrait UIInterfaceOrientationPortraitUpsideDown UIInterfaceOrientationLandscapeLeft UIInterfaceOrientationLandscapeRight";
				INFOPLIST_KEY_UISupportedInterfaceOrientations_iPhone = "\"\"";
				IPHONEOS_DEPLOYMENT_TARGET = 17.6;
				LD_RUNPATH_SEARCH_PATHS = "@executable_path/Frameworks";
				"LD_RUNPATH_SEARCH_PATHS[sdk=macosx*]" = "@executable_path/../Frameworks";
				MACOSX_DEPLOYMENT_TARGET = 15.5;
				MARKETING_VERSION = 1.0;
				PRODUCT_BUNDLE_IDENTIFIER = com.fatemeh.vcr.vCRGlove;
				PRODUCT_NAME = "$(TARGET_NAME)";
				REGISTER_APP_GROUPS = YES;
				SDKROOT = auto;
				SUPPORTED_PLATFORMS = "iphoneos iphonesimulator macosx xros xrsimulator";
				SWIFT_EMIT_LOC_STRINGS = YES;
				SWIFT_VERSION = 5.0;
				TARGETED_DEVICE_FAMILY = "1,2,7";
				XROS_DEPLOYMENT_TARGET = 2.5;
			};
			name = Release;
		};
		A9FCFC312E5866B100BF28B1 /* Debug */ = {
			isa = XCBuildConfiguration;
			buildSettings = {
				BUNDLE_LOADER = "$(TEST_HOST)";
				CODE_SIGN_STYLE = Automatic;
				CURRENT_PROJECT_VERSION = 1;
				GENERATE_INFOPLIST_FILE = YES;
				IPHONEOS_DEPLOYMENT_TARGET = 18.5;
				MACOSX_DEPLOYMENT_TARGET = 15.5;
				MARKETING_VERSION = 1.0;
				PRODUCT_BUNDLE_IDENTIFIER = com.fatemeh.vcr.vCRGloveTests;
				PRODUCT_NAME = "$(TARGET_NAME)";
				SDKROOT = auto;
				SUPPORTED_PLATFORMS = "iphoneos iphonesimulator macosx xros xrsimulator";
				SWIFT_EMIT_LOC_STRINGS = NO;
				SWIFT_VERSION = 5.0;
				TARGETED_DEVICE_FAMILY = "1,2,7";
				TEST_HOST = "$(BUILT_PRODUCTS_DIR)/vCRGlove.app/$(BUNDLE_EXECUTABLE_FOLDER_PATH)/vCRGlove";
				XROS_DEPLOYMENT_TARGET = 2.5;
			};
			name = Debug;
		};
		A9FCFC322E5866B100BF28B1 /* Release */ = {
			isa = XCBuildConfiguration;
			buildSettings = {
				BUNDLE_LOADER = "$(TEST_HOST)";
				CODE_SIGN_STYLE = Automatic;
				CURRENT_PROJECT_VERSION = 1;
				GENERATE_INFOPLIST_FILE = YES;
				IPHONEOS_DEPLOYMENT_TARGET = 18.5;
				MACOSX_DEPLOYMENT_TARGET = 15.5;
				MARKETING_VERSION = 1.0;
				PRODUCT_BUNDLE_IDENTIFIER = com.fatemeh.vcr.vCRGloveTests;
				PRODUCT_NAME = "$(TARGET_NAME)";
				SDKROOT = auto;
				SUPPORTED_PLATFORMS = "iphoneos iphonesimulator macosx xros xrsimulator";
				SWIFT_EMIT_LOC_STRINGS = NO;
				SWIFT_VERSION = 5.0;
				TARGETED_DEVICE_FAMILY = "1,2,7";
				TEST_HOST = "$(BUILT_PRODUCTS_DIR)/vCRGlove.app/$(BUNDLE_EXECUTABLE_FOLDER_PATH)/vCRGlove";
				XROS_DEPLOYMENT_TARGET = 2.5;
			};
			name = Release;
		};
		A9FCFC342E5866B100BF28B1 /* Debug */ = {
			isa = XCBuildConfiguration;
			buildSettings = {
				CODE_SIGN_STYLE = Automatic;
				CURRENT_PROJECT_VERSION = 1;
				GENERATE_INFOPLIST_FILE = YES;
				IPHONEOS_DEPLOYMENT_TARGET = 18.5;
				MACOSX_DEPLOYMENT_TARGET = 15.5;
				MARKETING_VERSION = 1.0;
				PRODUCT_BUNDLE_IDENTIFIER = com.fatemeh.vcr.vCRGloveUITests;
				PRODUCT_NAME = "$(TARGET_NAME)";
				SDKROOT = auto;
				SUPPORTED_PLATFORMS = "iphoneos iphonesimulator macosx xros xrsimulator";
				SWIFT_EMIT_LOC_STRINGS = NO;
				SWIFT_VERSION = 5.0;
				TARGETED_DEVICE_FAMILY = "1,2,7";
				TEST_TARGET_NAME = vCRGlove;
				XROS_DEPLOYMENT_TARGET = 2.5;
			};
			name = Debug;
		};
		A9FCFC352E5866B100BF28B1 /* Release */ = {
			isa = XCBuildConfiguration;
			buildSettings = {
				CODE_SIGN_STYLE = Automatic;
				CURRENT_PROJECT_VERSION = 1;
				GENERATE_INFOPLIST_FILE = YES;
				IPHONEOS_DEPLOYMENT_TARGET = 18.5;
				MACOSX_DEPLOYMENT_TARGET = 15.5;
				MARKETING_VERSION = 1.0;
				PRODUCT_BUNDLE_IDENTIFIER = com.fatemeh.vcr.vCRGloveUITests;
				PRODUCT_NAME = "$(TARGET_NAME)";
				SDKROOT = auto;
				SUPPORTED_PLATFORMS = "iphoneos iphonesimulator macosx xros xrsimulator";
				SWIFT_EMIT_LOC_STRINGS = NO;
				SWIFT_VERSION = 5.0;
				TARGETED_DEVICE_FAMILY = "1,2,7";
				TEST_TARGET_NAME = vCRGlove;
				XROS_DEPLOYMENT_TARGET = 2.5;
			};
			name = Release;
		};
/* End XCBuildConfiguration section */

/* Begin XCConfigurationList section */
		A9FCFC062E5866AF00BF28B1 /* Build configuration list for PBXProject "vCRGlove" */ = {
			isa = XCConfigurationList;
			buildConfigurations = (
				A9FCFC2B2E5866B100BF28B1 /* Debug */,
				A9FCFC2C2E5866B100BF28B1 /* Release */,
			);
			defaultConfigurationIsVisible = 0;
			defaultConfigurationName = Release;
		};
		A9FCFC2D2E5866B100BF28B1 /* Build configuration list for PBXNativeTarget "vCRGlove" */ = {
			isa = XCConfigurationList;
			buildConfigurations = (
				A9FCFC2E2E5866B100BF28B1 /* Debug */,
				A9FCFC2F2E5866B100BF28B1 /* Release */,
			);
			defaultConfigurationIsVisible = 0;
			defaultConfigurationName = Release;
		};
		A9FCFC302E5866B100BF28B1 /* Build configuration list for PBXNativeTarget "vCRGloveTests" */ = {
			isa = XCConfigurationList;
			buildConfigurations = (
				A9FCFC312E5866B100BF28B1 /* Debug */,
				A9FCFC322E5866B100BF28B1 /* Release */,
			);
			defaultConfigurationIsVisible = 0;
			defaultConfigurationName = Release;
		};
		A9FCFC332E5866B100BF28B1 /* Build configuration list for PBXNativeTarget "vCRGloveUITests" */ = {
			isa = XCConfigurationList;
			buildConfigurations = (
				A9FCFC342E5866B100BF28B1 /* Debug */,
				A9FCFC352E5866B100BF28B1 /* Release */,
			);
			defaultConfigurationIsVisible = 0;
			defaultConfigurationName = Release;
		};
/* End XCConfigurationList section */

/* Begin XCRemoteSwiftPackageReference section */
		A9FCFC362E58670900BF28B1 /* XCRemoteSwiftPackageReference "bhaptics-ios" */ = {
			isa = XCRemoteSwiftPackageReference;
			repositoryURL = "https://github.com/bhaptics/bhaptics-ios";
			requirement = {
				kind = upToNextMajorVersion;
				minimumVersion = 0.2.0;
			};
		};
/* End XCRemoteSwiftPackageReference section */

/* Begin XCSwiftPackageProductDependency section */
		A9FCFC372E58674F00BF28B1 /* Bhaptics */ = {
			isa = XCSwiftPackageProductDependency;
			package = A9FCFC362E58670900BF28B1 /* XCRemoteSwiftPackageReference "bhaptics-ios" */;
			productName = Bhaptics;
		};
/* End XCSwiftPackageProductDependency section */
	};
	rootObject = A9FCFC032E5866AF00BF28B1 /* Project object */;
}
